# This file is automatically @generated by Cargo.
# It is not intended for manual editing.
version = 4

[[package]]
name = "computation_graph"
version = "0.1.0"
dependencies = [
 "recursion",
]

[[package]]
name = "recursion"
version = "0.5.4"
source = "registry+https://github.com/rust-lang/crates.io-index"
checksum = "9dba2197bf7b1d87b4dd460c195f4edeb45a94e82e8054f8d5f317c1f0e93ca1"
